
Microsoft Visual Studio Solution File, Format Version 12.00
# Visual Studio Version 17
VisualStudioVersion = 17.9.34701.34
MinimumVisualStudioVersion = 10.0.40219.1
Project("{FAE04EC0-301F-11D3-BF4B-00C04F79EFBC}") = "Урок_7", "Урок_7.csproj", "{5FF24268-C98D-44B0-A1E8-4A12AB1DC76B}"
EndProject
Global
	GlobalSection(SolutionConfigurationPlatforms) = preSolution
		Debug|Any CPU = Debug|Any CPU
		Release|Any CPU = Release|Any CPU
	EndGlobalSection
	GlobalSection(ProjectConfigurationPlatforms) = postSolution
		{5FF24268-C98D-44B0-A1E8-4A12AB1DC76B}.Debug|Any CPU.ActiveCfg = Debug|Any CPU
		{5FF24268-C98D-44B0-A1E8-4A12AB1DC76B}.Debug|Any CPU.Build.0 = Debug|Any CPU
		{5FF24268-C98D-44B0-A1E8-4A12AB1DC76B}.Release|Any CPU.ActiveCfg = Release|Any CPU
		{5FF24268-C98D-44B0-A1E8-4A12AB1DC76B}.Release|Any CPU.Build.0 = Release|Any CPU
	EndGlobalSection
	GlobalSection(SolutionProperties) = preSolution
		HideSolutionNode = FALSE
	EndGlobalSection
	GlobalSection(ExtensibilityGlobals) = postSolution
		SolutionGuid = {597697CC-6A67-4FBF-A98B-F6BBF26C931A}
	EndGlobalSection
EndGlobal
